{
  "version": 4,
  "terraform_version": "1.5.7",
  "serial": 160,
  "lineage": "115bafe0-d3b8-0738-a7ba-08f2f899dab3",
  "outputs": {},
  "resources": [
    {
      "mode": "managed",
      "type": "google_storage_bucket",
      "name": "default",
      "provider": "provider[\"registry.terraform.io/hashicorp/google\"]",
      "instances": [
        {
          "schema_version": 1,
          "attributes": {
            "autoclass": [],
            "cors": [],
            "custom_placement_config": [],
            "default_event_based_hold": false,
            "effective_labels": {},
            "enable_object_retention": false,
            "encryption": [],
            "force_destroy": true,
            "id": "b9f4ff1e4558a054-my-bucket",
            "labels": null,
            "lifecycle_rule": [],
            "location": "US",
            "logging": [],
            "name": "b9f4ff1e4558a054-my-bucket",
            "project": "linen-setting-415312",
            "project_number": 769354807845,
            "public_access_prevention": "inherited",
            "requester_pays": false,
            "retention_policy": [],
            "rpo": "DEFAULT",
            "self_link": "https://www.googleapis.com/storage/v1/b/b9f4ff1e4558a054-my-bucket",
            "soft_delete_policy": [
              {
                "effective_time": "2024-05-22T10:24:14.684Z",
                "retention_duration_seconds": 604800
              }
            ],
            "storage_class": "STANDARD",
            "terraform_labels": {},
            "timeouts": null,
            "uniform_bucket_level_access": true,
            "url": "gs://b9f4ff1e4558a054-my-bucket",
            "versioning": [],
            "website": [
              {
                "main_page_suffix": "index.html",
                "not_found_page": "404.html"
              }
            ]
          },
          "sensitive_attributes": [],
          "private": "eyJlMmJmYjczMC1lY2FhLTExZTYtOGY4OC0zNDM2M2JjN2M0YzAiOnsiY3JlYXRlIjo2MDAwMDAwMDAwMDAsInJlYWQiOjI0MDAwMDAwMDAwMCwidXBkYXRlIjoyNDAwMDAwMDAwMDB9LCJzY2hlbWFfdmVyc2lvbiI6IjEifQ==",
          "dependencies": [
            "random_id.bucket_prefix"
          ]
        }
      ]
    },
    {
      "mode": "managed",
      "type": "google_storage_bucket_object",
      "name": "error_page",
      "provider": "provider[\"registry.terraform.io/hashicorp/google\"]",
      "instances": [
        {
          "schema_version": 0,
          "attributes": {
            "bucket": "b9f4ff1e4558a054-my-bucket",
            "cache_control": "",
            "content": "\u003chtml\u003e\u003cbody\u003e\n\u003ch1\u003eError: Object you are looking for is no longer available!\u003c/h1\u003e\n\u003c/body\u003e\u003c/html\u003e\n",
            "content_disposition": "",
            "content_encoding": "",
            "content_language": "",
            "content_type": "text/html; charset=utf-8",
            "crc32c": "OBhDcg==",
            "customer_encryption": [],
            "detect_md5hash": "gflJWIohjl4rEcaTJZfDdw==",
            "event_based_hold": false,
            "id": "b9f4ff1e4558a054-my-bucket-404-page",
            "kms_key_name": "",
            "md5hash": "gflJWIohjl4rEcaTJZfDdw==",
            "media_link": "https://storage.googleapis.com/download/storage/v1/b/b9f4ff1e4558a054-my-bucket/o/404-page?generation=1716373456166536\u0026alt=media",
            "metadata": null,
            "name": "404-page",
            "output_name": "404-page",
            "retention": [],
            "self_link": "https://www.googleapis.com/storage/v1/b/b9f4ff1e4558a054-my-bucket/o/404-page",
            "source": null,
            "storage_class": "STANDARD",
            "temporary_hold": false,
            "timeouts": null
          },
          "sensitive_attributes": [],
          "private": "eyJlMmJmYjczMC1lY2FhLTExZTYtOGY4OC0zNDM2M2JjN2M0YzAiOnsiY3JlYXRlIjoyNDAwMDAwMDAwMDAsImRlbGV0ZSI6MjQwMDAwMDAwMDAwLCJ1cGRhdGUiOjI0MDAwMDAwMDAwMH19",
          "dependencies": [
            "google_storage_bucket.default",
            "random_id.bucket_prefix"
          ]
        }
      ]
    },
    {
      "mode": "managed",
      "type": "google_storage_bucket_object",
      "name": "index_page",
      "provider": "provider[\"registry.terraform.io/hashicorp/google\"]",
      "instances": [
        {
          "schema_version": 0,
          "attributes": {
            "bucket": "b9f4ff1e4558a054-my-bucket",
            "cache_control": "",
            "content": "\u003chtml\u003e\u003cbody\u003e\n\u003ch1\u003eCongratulation on setting up Google Cloud Run CDN with Storage Backend!\u003c/h1\u003e\n\u003c/body\u003e\u003c/html\u003e\n",
            "content_disposition": "",
            "content_encoding": "",
            "content_language": "",
            "content_type": "text/html; charset=utf-8",
            "crc32c": "Wng2hQ==",
            "customer_encryption": [],
            "detect_md5hash": "RIOYcprZr87eY4rDd9+d3g==",
            "event_based_hold": false,
            "id": "b9f4ff1e4558a054-my-bucket-index-page",
            "kms_key_name": "",
            "md5hash": "RIOYcprZr87eY4rDd9+d3g==",
            "media_link": "https://storage.googleapis.com/download/storage/v1/b/b9f4ff1e4558a054-my-bucket/o/index-page?generation=1716373456062317\u0026alt=media",
            "metadata": null,
            "name": "index-page",
            "output_name": "index-page",
            "retention": [],
            "self_link": "https://www.googleapis.com/storage/v1/b/b9f4ff1e4558a054-my-bucket/o/index-page",
            "source": null,
            "storage_class": "STANDARD",
            "temporary_hold": false,
            "timeouts": null
          },
          "sensitive_attributes": [],
          "private": "eyJlMmJmYjczMC1lY2FhLTExZTYtOGY4OC0zNDM2M2JjN2M0YzAiOnsiY3JlYXRlIjoyNDAwMDAwMDAwMDAsImRlbGV0ZSI6MjQwMDAwMDAwMDAwLCJ1cGRhdGUiOjI0MDAwMDAwMDAwMH19",
          "dependencies": [
            "google_storage_bucket.default",
            "random_id.bucket_prefix"
          ]
        }
      ]
    },
    {
      "mode": "managed",
      "type": "google_storage_bucket_object",
      "name": "test_image",
      "provider": "provider[\"registry.terraform.io/hashicorp/google\"]",
      "instances": [
        {
          "schema_version": 0,
          "attributes": {
            "bucket": "b9f4ff1e4558a054-my-bucket",
            "cache_control": "",
            "content": "Data as string to be uploaded",
            "content_disposition": "",
            "content_encoding": "",
            "content_language": "",
            "content_type": "text/plain",
            "crc32c": "LQu5uw==",
            "customer_encryption": [],
            "detect_md5hash": "P1AotHoF4HK5YeMTrQ0uDQ==",
            "event_based_hold": false,
            "id": "b9f4ff1e4558a054-my-bucket-test-image",
            "kms_key_name": "",
            "md5hash": "P1AotHoF4HK5YeMTrQ0uDQ==",
            "media_link": "https://storage.googleapis.com/download/storage/v1/b/b9f4ff1e4558a054-my-bucket/o/test-image?generation=1716373456062372\u0026alt=media",
            "metadata": null,
            "name": "test-image",
            "output_name": "test-image",
            "retention": [],
            "self_link": "https://www.googleapis.com/storage/v1/b/b9f4ff1e4558a054-my-bucket/o/test-image",
            "source": null,
            "storage_class": "STANDARD",
            "temporary_hold": false,
            "timeouts": null
          },
          "sensitive_attributes": [],
          "private": "eyJlMmJmYjczMC1lY2FhLTExZTYtOGY4OC0zNDM2M2JjN2M0YzAiOnsiY3JlYXRlIjoyNDAwMDAwMDAwMDAsImRlbGV0ZSI6MjQwMDAwMDAwMDAwLCJ1cGRhdGUiOjI0MDAwMDAwMDAwMH19",
          "dependencies": [
            "google_storage_bucket.default",
            "random_id.bucket_prefix"
          ]
        }
      ]
    },
    {
      "mode": "managed",
      "type": "random_id",
      "name": "bucket_prefix",
      "provider": "provider[\"registry.terraform.io/hashicorp/random\"]",
      "instances": [
        {
          "schema_version": 0,
          "attributes": {
            "b64_std": "ufT/HkVYoFQ=",
            "b64_url": "ufT_HkVYoFQ",
            "byte_length": 8,
            "dec": "13399615296811606100",
            "hex": "b9f4ff1e4558a054",
            "id": "ufT_HkVYoFQ",
            "keepers": null,
            "prefix": null
          },
          "sensitive_attributes": []
        }
      ]
    }
  ],
  "check_results": null
}
